PODS:
  - dxtr_pixs_engine (0.0.1):
    - Flutter
  - dxtr_pixs_gpu (0.1.0):
    - Flutter
  - Flutter (1.0.0)

DEPENDENCIES:
  - dxtr_pixs_engine (from `.symlinks/plugins/dxtr_pixs_engine/ios`)
  - dxtr_pixs_gpu (from `.symlinks/plugins/dxtr_pixs_gpu/ios`)
  - Flutter (from `Flutter`)

EXTERNAL SOURCES:
  dxtr_pixs_engine:
    :path: ".symlinks/plugins/dxtr_pixs_engine/ios"
  dxtr_pixs_gpu:
    :path: ".symlinks/plugins/dxtr_pixs_gpu/ios"
  Flutter:
    :path: Flutter

SPEC CHECKSUMS:
  dxtr_pixs_engine: a2e42d9a86f63bf6e0224bcb03e408c889a2a0df
  dxtr_pixs_gpu: efe6cc1f85222362eb0b4fe821fa0289c532c43a
  Flutter: cabc95a1d2626b1b06e7179b784ebcf0c0cde467

PODFILE CHECKSUM: f8c2dcdfb50bb67645580d28a6bf814fca30bdec

COCOAPODS: 1.16.2
